// !$*UTF8*$!
{
    archiveVersion = 1;
    classes = {
    };
    objectVersion = 50;
    objects = {
        /* Begin PBXFileReference section */
        /* End PBXFileReference section */
        /* Begin PBXFrameworksBuildPhase section */
        /* End PBXFrameworksBuildPhase section */
        /* Begin PBXNativeTarget section */
        /* End PBXNativeTarget section */
        /* Begin PBXProject section */
        /* End PBXProject section */
        /* Begin PBXResourcesBuildPhase section */
        /* End PBXResourcesBuildPhase section */
        /* Begin PBXSourcesBuildPhase section */
        /* End PBXSourcesBuildPhase section */
    };
    rootObject = /* Project object */;
}
